
Microsoft Visual Studio Solution File, Format Version 12.00
# Visual Studio Version 17
VisualStudioVersion = 17.10.35013.160
MinimumVisualStudioVersion = 10.0.40219.1
Project("{FAE04EC0-301F-11D3-BF4B-00C04F79EFBC}") = "tgbot_LAPTOP_SHOP", "tgbot_LAPTOP_SHOP.csproj", "{82835F31-9BF7-40AF-8870-E1F973CB4351}"
EndProject
Global
	GlobalSection(SolutionConfigurationPlatforms) = preSolution
		Debug|Any CPU = Debug|Any CPU
		Release|Any CPU = Release|Any CPU
	EndGlobalSection
	GlobalSection(ProjectConfigurationPlatforms) = postSolution
		{82835F31-9BF7-40AF-8870-E1F973CB4351}.Debug|Any CPU.ActiveCfg = Debug|Any CPU
		{82835F31-9BF7-40AF-8870-E1F973CB4351}.Debug|Any CPU.Build.0 = Debug|Any CPU
		{82835F31-9BF7-40AF-8870-E1F973CB4351}.Release|Any CPU.ActiveCfg = Release|Any CPU
		{82835F31-9BF7-40AF-8870-E1F973CB4351}.Release|Any CPU.Build.0 = Release|Any CPU
	EndGlobalSection
	GlobalSection(SolutionProperties) = preSolution
		HideSolutionNode = FALSE
	EndGlobalSection
	GlobalSection(ExtensibilityGlobals) = postSolution
		SolutionGuid = {FA7EE834-2EC1-443D-8AE7-0A521B61936B}
	EndGlobalSection
EndGlobal
